
Microsoft Visual Studio Solution File, Format Version 12.00
# Visual Studio Version 17
VisualStudioVersion = 17.0.31903.59
MinimumVisualStudioVersion = 10.0.40219.1
Project("{FAE04EC0-301F-11D3-BF4B-00C04F79EFBC}") = "Ilary.Api", "Ilary.Api\Ilary.Api.csproj", "{430A32D6-7753-48B5-892F-BD39FFB62A16}"
EndProject
Project("{FAE04EC0-301F-11D3-BF4B-00C04F79EFBC}") = "Ilary.Application", "Ilary.Application\Ilary.Application.csproj", "{5A18E5AF-270A-4497-AA69-602ADCADFE83}"
EndProject
Project("{FAE04EC0-301F-11D3-BF4B-00C04F79EFBC}") = "Ilary.Domain", "Ilary.Domain\Ilary.Domain.csproj", "{F80E40A0-7D8C-4DD6-946C-FC605D9C6F47}"
EndProject
Project("{FAE04EC0-301F-11D3-BF4B-00C04F79EFBC}") = "Ilary.Infrastructure", "Ilary.Infrastructure\Ilary.Infrastructure.csproj", "{8D4D9700-1832-4D95-B4D8-B45126A49B36}"
EndProject
Global
	GlobalSection(SolutionConfigurationPlatforms) = preSolution
		Debug|Any CPU = Debug|Any CPU
		Release|Any CPU = Release|Any CPU
	EndGlobalSection
	GlobalSection(SolutionProperties) = preSolution
		HideSolutionNode = FALSE
	EndGlobalSection
	GlobalSection(ProjectConfigurationPlatforms) = postSolution
		{430A32D6-7753-48B5-892F-BD39FFB62A16}.Debug|Any CPU.ActiveCfg = Debug|Any CPU
		{430A32D6-7753-48B5-892F-BD39FFB62A16}.Debug|Any CPU.Build.0 = Debug|Any CPU
		{430A32D6-7753-48B5-892F-BD39FFB62A16}.Release|Any CPU.ActiveCfg = Release|Any CPU
		{430A32D6-7753-48B5-892F-BD39FFB62A16}.Release|Any CPU.Build.0 = Release|Any CPU
		{5A18E5AF-270A-4497-AA69-602ADCADFE83}.Debug|Any CPU.ActiveCfg = Debug|Any CPU
		{5A18E5AF-270A-4497-AA69-602ADCADFE83}.Debug|Any CPU.Build.0 = Debug|Any CPU
		{5A18E5AF-270A-4497-AA69-602ADCADFE83}.Release|Any CPU.ActiveCfg = Release|Any CPU
		{5A18E5AF-270A-4497-AA69-602ADCADFE83}.Release|Any CPU.Build.0 = Release|Any CPU
		{F80E40A0-7D8C-4DD6-946C-FC605D9C6F47}.Debug|Any CPU.ActiveCfg = Debug|Any CPU
		{F80E40A0-7D8C-4DD6-946C-FC605D9C6F47}.Debug|Any CPU.Build.0 = Debug|Any CPU
		{F80E40A0-7D8C-4DD6-946C-FC605D9C6F47}.Release|Any CPU.ActiveCfg = Release|Any CPU
		{F80E40A0-7D8C-4DD6-946C-FC605D9C6F47}.Release|Any CPU.Build.0 = Release|Any CPU
		{8D4D9700-1832-4D95-B4D8-B45126A49B36}.Debug|Any CPU.ActiveCfg = Debug|Any CPU
		{8D4D9700-1832-4D95-B4D8-B45126A49B36}.Debug|Any CPU.Build.0 = Debug|Any CPU
		{8D4D9700-1832-4D95-B4D8-B45126A49B36}.Release|Any CPU.ActiveCfg = Release|Any CPU
		{8D4D9700-1832-4D95-B4D8-B45126A49B36}.Release|Any CPU.Build.0 = Release|Any CPU
	EndGlobalSection
EndGlobal
